
Microsoft Visual Studio Solution File, Format Version 12.00
# Visual Studio Version 17
VisualStudioVersion = 17.9.34616.47
MinimumVisualStudioVersion = 10.0.40219.1
Project("{2150E333-8FDC-42A3-9474-1A3956D46DE8}") = "Presentation", "Presentation", "{77B8918E-7090-40E1-8563-669BE1AF3E81}"
EndProject
Project("{2150E333-8FDC-42A3-9474-1A3956D46DE8}") = "Infrastructures", "Infrastructures", "{6EA7E701-DA85-4535-93F6-6A86E4E9AD1B}"
EndProject
Project("{2150E333-8FDC-42A3-9474-1A3956D46DE8}") = "Application", "Application", "{E32F066D-96E9-482D-BD8B-D09467D72571}"
EndProject
Project("{2150E333-8FDC-42A3-9474-1A3956D46DE8}") = "Core", "Core", "{302DADD9-E82A-486A-A0F1-0B5E11EBD0A4}"
EndProject
Project("{2150E333-8FDC-42A3-9474-1A3956D46DE8}") = "src", "src", "{F86EDE70-D159-4B38-B523-D7EC4FBB6169}"
EndProject
Project("{2150E333-8FDC-42A3-9474-1A3956D46DE8}") = "tests", "tests", "{B7EE9B1D-1D21-4BC1-9292-8B2835045B35}"
EndProject
Project("{9A19103F-16F7-4668-BE54-9A1E7A4F7556}") = "Demo", "tests\Demo\Demo.csproj", "{DC82B8D4-1299-4A64-A0C4-28C50ADE688A}"
EndProject
Project("{9A19103F-16F7-4668-BE54-9A1E7A4F7556}") = "KYC.Domain", "src\Core\KYC.Domain\KYC.Domain.csproj", "{26BC977A-71D1-402B-8FF8-E8CED460C446}"
EndProject
Project("{9A19103F-16F7-4668-BE54-9A1E7A4F7556}") = "KYC.Application", "src\Application\KYC.Application\KYC.Application.csproj", "{AC379A7C-42CD-4FDF-96B4-898D28A16508}"
EndProject
Project("{9A19103F-16F7-4668-BE54-9A1E7A4F7556}") = "KYC.API", "src\Presentation\KYC.API\KYC.API.csproj", "{5928198C-8D61-45E4-834D-0F4EB03B03F6}"
EndProject
Project("{9A19103F-16F7-4668-BE54-9A1E7A4F7556}") = "KYC.Read.Infrastructure", "src\Infrastructures\KYC.Read.Infrastructure\KYC.Read.Infrastructure.csproj", "{AC0B1827-2763-4A42-B215-327B34C0E9A6}"
EndProject
Project("{9A19103F-16F7-4668-BE54-9A1E7A4F7556}") = "KYC.EventStoreDB.Infrastructure", "src\Infrastructures\KYC.EventStoreDB.Infrastructure\KYC.EventStoreDB.Infrastructure.csproj", "{6B0C8451-4B5C-49DF-8624-388D99474A05}"
EndProject
Project("{9A19103F-16F7-4668-BE54-9A1E7A4F7556}") = "KYC.RedisCache.Infrastructure", "src\Infrastructures\KYC.RedisCache.Infrastructure\KYC.RedisCache.Infrastructure.csproj", "{ADAE4C01-E170-49DC-B558-402FBC83D4DE}"
EndProject
Project("{9A19103F-16F7-4668-BE54-9A1E7A4F7556}") = "KYC.Write.MsSql.Infrastructure", "src\Infrastructures\KYC.Write.MsSql.Infrastructure\KYC.Write.MsSql.Infrastructure.csproj", "{FB5E08B2-EF86-49A0-A3EA-CF3C834EB9F7}"
EndProject
Global
	GlobalSection(SolutionConfigurationPlatforms) = preSolution
		Debug|Any CPU = Debug|Any CPU
		Release|Any CPU = Release|Any CPU
	EndGlobalSection
	GlobalSection(ProjectConfigurationPlatforms) = postSolution
		{DC82B8D4-1299-4A64-A0C4-28C50ADE688A}.Debug|Any CPU.ActiveCfg = Debug|Any CPU
		{DC82B8D4-1299-4A64-A0C4-28C50ADE688A}.Debug|Any CPU.Build.0 = Debug|Any CPU
		{DC82B8D4-1299-4A64-A0C4-28C50ADE688A}.Release|Any CPU.ActiveCfg = Release|Any CPU
		{DC82B8D4-1299-4A64-A0C4-28C50ADE688A}.Release|Any CPU.Build.0 = Release|Any CPU
		{26BC977A-71D1-402B-8FF8-E8CED460C446}.Debug|Any CPU.ActiveCfg = Debug|Any CPU
		{26BC977A-71D1-402B-8FF8-E8CED460C446}.Debug|Any CPU.Build.0 = Debug|Any CPU
		{26BC977A-71D1-402B-8FF8-E8CED460C446}.Release|Any CPU.ActiveCfg = Release|Any CPU
		{26BC977A-71D1-402B-8FF8-E8CED460C446}.Release|Any CPU.Build.0 = Release|Any CPU
		{AC379A7C-42CD-4FDF-96B4-898D28A16508}.Debug|Any CPU.ActiveCfg = Debug|Any CPU
		{AC379A7C-42CD-4FDF-96B4-898D28A16508}.Debug|Any CPU.Build.0 = Debug|Any CPU
		{AC379A7C-42CD-4FDF-96B4-898D28A16508}.Release|Any CPU.ActiveCfg = Release|Any CPU
		{AC379A7C-42CD-4FDF-96B4-898D28A16508}.Release|Any CPU.Build.0 = Release|Any CPU
		{5928198C-8D61-45E4-834D-0F4EB03B03F6}.Debug|Any CPU.ActiveCfg = Debug|Any CPU
		{5928198C-8D61-45E4-834D-0F4EB03B03F6}.Debug|Any CPU.Build.0 = Debug|Any CPU
		{5928198C-8D61-45E4-834D-0F4EB03B03F6}.Release|Any CPU.ActiveCfg = Release|Any CPU
		{5928198C-8D61-45E4-834D-0F4EB03B03F6}.Release|Any CPU.Build.0 = Release|Any CPU
		{AC0B1827-2763-4A42-B215-327B34C0E9A6}.Debug|Any CPU.ActiveCfg = Debug|Any CPU
		{AC0B1827-2763-4A42-B215-327B34C0E9A6}.Debug|Any CPU.Build.0 = Debug|Any CPU
		{AC0B1827-2763-4A42-B215-327B34C0E9A6}.Release|Any CPU.ActiveCfg = Release|Any CPU
		{AC0B1827-2763-4A42-B215-327B34C0E9A6}.Release|Any CPU.Build.0 = Release|Any CPU
		{6B0C8451-4B5C-49DF-8624-388D99474A05}.Debug|Any CPU.ActiveCfg = Debug|Any CPU
		{6B0C8451-4B5C-49DF-8624-388D99474A05}.Debug|Any CPU.Build.0 = Debug|Any CPU
		{6B0C8451-4B5C-49DF-8624-388D99474A05}.Release|Any CPU.ActiveCfg = Release|Any CPU
		{6B0C8451-4B5C-49DF-8624-388D99474A05}.Release|Any CPU.Build.0 = Release|Any CPU
		{ADAE4C01-E170-49DC-B558-402FBC83D4DE}.Debug|Any CPU.ActiveCfg = Debug|Any CPU
		{ADAE4C01-E170-49DC-B558-402FBC83D4DE}.Debug|Any CPU.Build.0 = Debug|Any CPU
		{ADAE4C01-E170-49DC-B558-402FBC83D4DE}.Release|Any CPU.ActiveCfg = Release|Any CPU
		{ADAE4C01-E170-49DC-B558-402FBC83D4DE}.Release|Any CPU.Build.0 = Release|Any CPU
		{FB5E08B2-EF86-49A0-A3EA-CF3C834EB9F7}.Debug|Any CPU.ActiveCfg = Debug|Any CPU
		{FB5E08B2-EF86-49A0-A3EA-CF3C834EB9F7}.Debug|Any CPU.Build.0 = Debug|Any CPU
		{FB5E08B2-EF86-49A0-A3EA-CF3C834EB9F7}.Release|Any CPU.ActiveCfg = Release|Any CPU
		{FB5E08B2-EF86-49A0-A3EA-CF3C834EB9F7}.Release|Any CPU.Build.0 = Release|Any CPU
	EndGlobalSection
	GlobalSection(SolutionProperties) = preSolution
		HideSolutionNode = FALSE
	EndGlobalSection
	GlobalSection(NestedProjects) = preSolution
		{77B8918E-7090-40E1-8563-669BE1AF3E81} = {F86EDE70-D159-4B38-B523-D7EC4FBB6169}
		{6EA7E701-DA85-4535-93F6-6A86E4E9AD1B} = {F86EDE70-D159-4B38-B523-D7EC4FBB6169}
		{E32F066D-96E9-482D-BD8B-D09467D72571} = {F86EDE70-D159-4B38-B523-D7EC4FBB6169}
		{302DADD9-E82A-486A-A0F1-0B5E11EBD0A4} = {F86EDE70-D159-4B38-B523-D7EC4FBB6169}
		{DC82B8D4-1299-4A64-A0C4-28C50ADE688A} = {B7EE9B1D-1D21-4BC1-9292-8B2835045B35}
		{26BC977A-71D1-402B-8FF8-E8CED460C446} = {302DADD9-E82A-486A-A0F1-0B5E11EBD0A4}
		{AC379A7C-42CD-4FDF-96B4-898D28A16508} = {E32F066D-96E9-482D-BD8B-D09467D72571}
		{5928198C-8D61-45E4-834D-0F4EB03B03F6} = {77B8918E-7090-40E1-8563-669BE1AF3E81}
		{AC0B1827-2763-4A42-B215-327B34C0E9A6} = {6EA7E701-DA85-4535-93F6-6A86E4E9AD1B}
		{6B0C8451-4B5C-49DF-8624-388D99474A05} = {6EA7E701-DA85-4535-93F6-6A86E4E9AD1B}
		{ADAE4C01-E170-49DC-B558-402FBC83D4DE} = {6EA7E701-DA85-4535-93F6-6A86E4E9AD1B}
		{FB5E08B2-EF86-49A0-A3EA-CF3C834EB9F7} = {6EA7E701-DA85-4535-93F6-6A86E4E9AD1B}
	EndGlobalSection
	GlobalSection(ExtensibilityGlobals) = postSolution
		SolutionGuid = {690089AB-591A-46BB-AF5E-7881E2225881}
	EndGlobalSection
EndGlobal
