
Microsoft Visual Studio Solution File, Format Version 12.00
# Visual Studio Version 17
VisualStudioVersion = 17.9.34616.47
MinimumVisualStudioVersion = 10.0.40219.1
Project("{2150E333-8FDC-42A3-9474-1A3956D46DE8}") = "Web", "Web", "{77B8918E-7090-40E1-8563-669BE1AF3E81}"
EndProject
Project("{2150E333-8FDC-42A3-9474-1A3956D46DE8}") = "Infrastructure", "Infrastructure", "{6EA7E701-DA85-4535-93F6-6A86E4E9AD1B}"
EndProject
Project("{2150E333-8FDC-42A3-9474-1A3956D46DE8}") = "Application", "Application", "{E32F066D-96E9-482D-BD8B-D09467D72571}"
EndProject
Project("{2150E333-8FDC-42A3-9474-1A3956D46DE8}") = "Core", "Core", "{302DADD9-E82A-486A-A0F1-0B5E11EBD0A4}"
EndProject
Project("{2150E333-8FDC-42A3-9474-1A3956D46DE8}") = "Shared", "Shared", "{14C9C711-DF8F-4DE2-87D2-BE09398864AB}"
EndProject
Project("{2150E333-8FDC-42A3-9474-1A3956D46DE8}") = "src", "src", "{F86EDE70-D159-4B38-B523-D7EC4FBB6169}"
EndProject
Project("{2150E333-8FDC-42A3-9474-1A3956D46DE8}") = "tests", "tests", "{B7EE9B1D-1D21-4BC1-9292-8B2835045B35}"
EndProject
Project("{9A19103F-16F7-4668-BE54-9A1E7A4F7556}") = "KYC.Application", "src\KYC.Application\KYC.Application.csproj", "{1EF01846-6E1A-4175-B7B5-7C273D70A4F4}"
EndProject
Project("{9A19103F-16F7-4668-BE54-9A1E7A4F7556}") = "KYC.Domain", "src\KYC.Domain\KYC.Domain.csproj", "{A9E5F253-D610-4316-BB34-FEA94A56BABF}"
EndProject
Project("{9A19103F-16F7-4668-BE54-9A1E7A4F7556}") = "KYC.Write.Infrastructure", "src\KYC.Write.Infrastructure\KYC.Write.Infrastructure.csproj", "{2E787BA4-C9D6-4703-B4E1-DF6AEBB91B34}"
EndProject
Project("{9A19103F-16F7-4668-BE54-9A1E7A4F7556}") = "KYC.API", "src\KYC.API\KYC.API.csproj", "{D73E431A-0EA3-4E33-9469-C01E308C2AA1}"
EndProject
Project("{9A19103F-16F7-4668-BE54-9A1E7A4F7556}") = "Mehedi.Core.SharedKernel", "..\Shared\Mehedi.SharedKernel\Mehedi.Core.SharedKernel.csproj", "{EFC766A2-F07F-43E2-ABAD-9C5588ABF273}"
EndProject
Project("{9A19103F-16F7-4668-BE54-9A1E7A4F7556}") = "Mehedi.Application.SharedKernel", "..\Shared\Mehedi.Application.SharedKernel\Mehedi.Application.SharedKernel.csproj", "{5AF34B63-ECAB-4B77-B549-0CD4FB03211F}"
EndProject
Project("{9A19103F-16F7-4668-BE54-9A1E7A4F7556}") = "Mehedi.Write.Infrastructure.SharedKernel", "..\Shared\Mehedi.Write.Infrastructure.SharedKernel\Mehedi.Write.Infrastructure.SharedKernel.csproj", "{561D9DB6-5FB4-42E2-9F98-859826F48BAC}"
EndProject
Project("{9A19103F-16F7-4668-BE54-9A1E7A4F7556}") = "KYC.Read.Infrastructure", "src\KYC.Read.Infrastructure\KYC.Read.Infrastructure.csproj", "{08747EDF-A939-4C47-ABE5-99B30EC04F39}"
EndProject
Project("{9A19103F-16F7-4668-BE54-9A1E7A4F7556}") = "Mehedi.Read.Infrastructure.SharedKernel", "..\Shared\Mehedi.Read.Infrastructure.SharedKernel\Mehedi.Read.Infrastructure.SharedKernel.csproj", "{680EF8A3-6D11-46BA-96EA-699266A078CB}"
EndProject
Project("{9A19103F-16F7-4668-BE54-9A1E7A4F7556}") = "KYC.EventStore.Infrastructure", "KYC.EventStore.Infrastructure\KYC.EventStore.Infrastructure.csproj", "{27036753-403D-4FBF-A4FE-549B15FD0832}"
EndProject
Project("{9A19103F-16F7-4668-BE54-9A1E7A4F7556}") = "Mehedi.EventBus", "..\Shared\Mehedi.EventBus\Mehedi.EventBus.csproj", "{EC8945D2-888B-438C-B135-53D91670CDD8}"
EndProject
Project("{9A19103F-16F7-4668-BE54-9A1E7A4F7556}") = "Mehedi.EventBus.Kafka", "..\Shared\Mehedi.EventBus.Kafka\Mehedi.EventBus.Kafka.csproj", "{ED8BCD54-4CD6-4F63-A6AC-96059FF89F7A}"
EndProject
Project("{9A19103F-16F7-4668-BE54-9A1E7A4F7556}") = "KYC.EventStoreDB.Infrastructure", "src\KYC.EventStoreDB.Infrastructure\KYC.EventStoreDB.Infrastructure.csproj", "{27E5E2D1-6486-419D-AA31-EBB04F4B3661}"
EndProject
Project("{9A19103F-16F7-4668-BE54-9A1E7A4F7556}") = "Demo", "tests\Demo\Demo.csproj", "{DC82B8D4-1299-4A64-A0C4-28C50ADE688A}"
EndProject
Project("{FAE04EC0-301F-11D3-BF4B-00C04F79EFBC}") = "KYC.RedisCache.Infrastructure", "src\KYC.RedisCache.Infrastructure\KYC.RedisCache.Infrastructure.csproj", "{C55D21B7-A763-430A-8A8E-256F250F3E4B}"
EndProject
Global
	GlobalSection(SolutionConfigurationPlatforms) = preSolution
		Debug|Any CPU = Debug|Any CPU
		Release|Any CPU = Release|Any CPU
	EndGlobalSection
	GlobalSection(ProjectConfigurationPlatforms) = postSolution
		{1EF01846-6E1A-4175-B7B5-7C273D70A4F4}.Debug|Any CPU.ActiveCfg = Debug|Any CPU
		{1EF01846-6E1A-4175-B7B5-7C273D70A4F4}.Debug|Any CPU.Build.0 = Debug|Any CPU
		{1EF01846-6E1A-4175-B7B5-7C273D70A4F4}.Release|Any CPU.ActiveCfg = Release|Any CPU
		{1EF01846-6E1A-4175-B7B5-7C273D70A4F4}.Release|Any CPU.Build.0 = Release|Any CPU
		{A9E5F253-D610-4316-BB34-FEA94A56BABF}.Debug|Any CPU.ActiveCfg = Debug|Any CPU
		{A9E5F253-D610-4316-BB34-FEA94A56BABF}.Debug|Any CPU.Build.0 = Debug|Any CPU
		{A9E5F253-D610-4316-BB34-FEA94A56BABF}.Release|Any CPU.ActiveCfg = Release|Any CPU
		{A9E5F253-D610-4316-BB34-FEA94A56BABF}.Release|Any CPU.Build.0 = Release|Any CPU
		{2E787BA4-C9D6-4703-B4E1-DF6AEBB91B34}.Debug|Any CPU.ActiveCfg = Debug|Any CPU
		{2E787BA4-C9D6-4703-B4E1-DF6AEBB91B34}.Debug|Any CPU.Build.0 = Debug|Any CPU
		{2E787BA4-C9D6-4703-B4E1-DF6AEBB91B34}.Release|Any CPU.ActiveCfg = Release|Any CPU
		{2E787BA4-C9D6-4703-B4E1-DF6AEBB91B34}.Release|Any CPU.Build.0 = Release|Any CPU
		{D73E431A-0EA3-4E33-9469-C01E308C2AA1}.Debug|Any CPU.ActiveCfg = Debug|Any CPU
		{D73E431A-0EA3-4E33-9469-C01E308C2AA1}.Debug|Any CPU.Build.0 = Debug|Any CPU
		{D73E431A-0EA3-4E33-9469-C01E308C2AA1}.Release|Any CPU.ActiveCfg = Release|Any CPU
		{D73E431A-0EA3-4E33-9469-C01E308C2AA1}.Release|Any CPU.Build.0 = Release|Any CPU
		{EFC766A2-F07F-43E2-ABAD-9C5588ABF273}.Debug|Any CPU.ActiveCfg = Debug|Any CPU
		{EFC766A2-F07F-43E2-ABAD-9C5588ABF273}.Debug|Any CPU.Build.0 = Debug|Any CPU
		{EFC766A2-F07F-43E2-ABAD-9C5588ABF273}.Release|Any CPU.ActiveCfg = Release|Any CPU
		{EFC766A2-F07F-43E2-ABAD-9C5588ABF273}.Release|Any CPU.Build.0 = Release|Any CPU
		{5AF34B63-ECAB-4B77-B549-0CD4FB03211F}.Debug|Any CPU.ActiveCfg = Debug|Any CPU
		{5AF34B63-ECAB-4B77-B549-0CD4FB03211F}.Debug|Any CPU.Build.0 = Debug|Any CPU
		{5AF34B63-ECAB-4B77-B549-0CD4FB03211F}.Release|Any CPU.ActiveCfg = Release|Any CPU
		{5AF34B63-ECAB-4B77-B549-0CD4FB03211F}.Release|Any CPU.Build.0 = Release|Any CPU
		{561D9DB6-5FB4-42E2-9F98-859826F48BAC}.Debug|Any CPU.ActiveCfg = Debug|Any CPU
		{561D9DB6-5FB4-42E2-9F98-859826F48BAC}.Debug|Any CPU.Build.0 = Debug|Any CPU
		{561D9DB6-5FB4-42E2-9F98-859826F48BAC}.Release|Any CPU.ActiveCfg = Release|Any CPU
		{561D9DB6-5FB4-42E2-9F98-859826F48BAC}.Release|Any CPU.Build.0 = Release|Any CPU
		{08747EDF-A939-4C47-ABE5-99B30EC04F39}.Debug|Any CPU.ActiveCfg = Debug|Any CPU
		{08747EDF-A939-4C47-ABE5-99B30EC04F39}.Debug|Any CPU.Build.0 = Debug|Any CPU
		{08747EDF-A939-4C47-ABE5-99B30EC04F39}.Release|Any CPU.ActiveCfg = Release|Any CPU
		{08747EDF-A939-4C47-ABE5-99B30EC04F39}.Release|Any CPU.Build.0 = Release|Any CPU
		{680EF8A3-6D11-46BA-96EA-699266A078CB}.Debug|Any CPU.ActiveCfg = Debug|Any CPU
		{680EF8A3-6D11-46BA-96EA-699266A078CB}.Debug|Any CPU.Build.0 = Debug|Any CPU
		{680EF8A3-6D11-46BA-96EA-699266A078CB}.Release|Any CPU.ActiveCfg = Release|Any CPU
		{680EF8A3-6D11-46BA-96EA-699266A078CB}.Release|Any CPU.Build.0 = Release|Any CPU
		{27036753-403D-4FBF-A4FE-549B15FD0832}.Debug|Any CPU.ActiveCfg = Debug|Any CPU
		{27036753-403D-4FBF-A4FE-549B15FD0832}.Debug|Any CPU.Build.0 = Debug|Any CPU
		{27036753-403D-4FBF-A4FE-549B15FD0832}.Release|Any CPU.ActiveCfg = Release|Any CPU
		{27036753-403D-4FBF-A4FE-549B15FD0832}.Release|Any CPU.Build.0 = Release|Any CPU
		{EC8945D2-888B-438C-B135-53D91670CDD8}.Debug|Any CPU.ActiveCfg = Debug|Any CPU
		{EC8945D2-888B-438C-B135-53D91670CDD8}.Debug|Any CPU.Build.0 = Debug|Any CPU
		{EC8945D2-888B-438C-B135-53D91670CDD8}.Release|Any CPU.ActiveCfg = Release|Any CPU
		{EC8945D2-888B-438C-B135-53D91670CDD8}.Release|Any CPU.Build.0 = Release|Any CPU
		{ED8BCD54-4CD6-4F63-A6AC-96059FF89F7A}.Debug|Any CPU.ActiveCfg = Debug|Any CPU
		{ED8BCD54-4CD6-4F63-A6AC-96059FF89F7A}.Debug|Any CPU.Build.0 = Debug|Any CPU
		{ED8BCD54-4CD6-4F63-A6AC-96059FF89F7A}.Release|Any CPU.ActiveCfg = Release|Any CPU
		{ED8BCD54-4CD6-4F63-A6AC-96059FF89F7A}.Release|Any CPU.Build.0 = Release|Any CPU
		{27E5E2D1-6486-419D-AA31-EBB04F4B3661}.Debug|Any CPU.ActiveCfg = Debug|Any CPU
		{27E5E2D1-6486-419D-AA31-EBB04F4B3661}.Debug|Any CPU.Build.0 = Debug|Any CPU
		{27E5E2D1-6486-419D-AA31-EBB04F4B3661}.Release|Any CPU.ActiveCfg = Release|Any CPU
		{27E5E2D1-6486-419D-AA31-EBB04F4B3661}.Release|Any CPU.Build.0 = Release|Any CPU
		{DC82B8D4-1299-4A64-A0C4-28C50ADE688A}.Debug|Any CPU.ActiveCfg = Debug|Any CPU
		{DC82B8D4-1299-4A64-A0C4-28C50ADE688A}.Debug|Any CPU.Build.0 = Debug|Any CPU
		{DC82B8D4-1299-4A64-A0C4-28C50ADE688A}.Release|Any CPU.ActiveCfg = Release|Any CPU
		{DC82B8D4-1299-4A64-A0C4-28C50ADE688A}.Release|Any CPU.Build.0 = Release|Any CPU
		{C55D21B7-A763-430A-8A8E-256F250F3E4B}.Debug|Any CPU.ActiveCfg = Debug|Any CPU
		{C55D21B7-A763-430A-8A8E-256F250F3E4B}.Debug|Any CPU.Build.0 = Debug|Any CPU
		{C55D21B7-A763-430A-8A8E-256F250F3E4B}.Release|Any CPU.ActiveCfg = Release|Any CPU
		{C55D21B7-A763-430A-8A8E-256F250F3E4B}.Release|Any CPU.Build.0 = Release|Any CPU
	EndGlobalSection
	GlobalSection(SolutionProperties) = preSolution
		HideSolutionNode = FALSE
	EndGlobalSection
	GlobalSection(NestedProjects) = preSolution
		{77B8918E-7090-40E1-8563-669BE1AF3E81} = {F86EDE70-D159-4B38-B523-D7EC4FBB6169}
		{6EA7E701-DA85-4535-93F6-6A86E4E9AD1B} = {F86EDE70-D159-4B38-B523-D7EC4FBB6169}
		{E32F066D-96E9-482D-BD8B-D09467D72571} = {F86EDE70-D159-4B38-B523-D7EC4FBB6169}
		{302DADD9-E82A-486A-A0F1-0B5E11EBD0A4} = {F86EDE70-D159-4B38-B523-D7EC4FBB6169}
		{1EF01846-6E1A-4175-B7B5-7C273D70A4F4} = {E32F066D-96E9-482D-BD8B-D09467D72571}
		{A9E5F253-D610-4316-BB34-FEA94A56BABF} = {302DADD9-E82A-486A-A0F1-0B5E11EBD0A4}
		{2E787BA4-C9D6-4703-B4E1-DF6AEBB91B34} = {6EA7E701-DA85-4535-93F6-6A86E4E9AD1B}
		{D73E431A-0EA3-4E33-9469-C01E308C2AA1} = {77B8918E-7090-40E1-8563-669BE1AF3E81}
		{EFC766A2-F07F-43E2-ABAD-9C5588ABF273} = {14C9C711-DF8F-4DE2-87D2-BE09398864AB}
		{5AF34B63-ECAB-4B77-B549-0CD4FB03211F} = {14C9C711-DF8F-4DE2-87D2-BE09398864AB}
		{561D9DB6-5FB4-42E2-9F98-859826F48BAC} = {14C9C711-DF8F-4DE2-87D2-BE09398864AB}
		{08747EDF-A939-4C47-ABE5-99B30EC04F39} = {6EA7E701-DA85-4535-93F6-6A86E4E9AD1B}
		{680EF8A3-6D11-46BA-96EA-699266A078CB} = {14C9C711-DF8F-4DE2-87D2-BE09398864AB}
		{27036753-403D-4FBF-A4FE-549B15FD0832} = {6EA7E701-DA85-4535-93F6-6A86E4E9AD1B}
		{EC8945D2-888B-438C-B135-53D91670CDD8} = {14C9C711-DF8F-4DE2-87D2-BE09398864AB}
		{ED8BCD54-4CD6-4F63-A6AC-96059FF89F7A} = {14C9C711-DF8F-4DE2-87D2-BE09398864AB}
		{27E5E2D1-6486-419D-AA31-EBB04F4B3661} = {6EA7E701-DA85-4535-93F6-6A86E4E9AD1B}
		{DC82B8D4-1299-4A64-A0C4-28C50ADE688A} = {B7EE9B1D-1D21-4BC1-9292-8B2835045B35}
		{C55D21B7-A763-430A-8A8E-256F250F3E4B} = {6EA7E701-DA85-4535-93F6-6A86E4E9AD1B}
	EndGlobalSection
	GlobalSection(ExtensibilityGlobals) = postSolution
		SolutionGuid = {690089AB-591A-46BB-AF5E-7881E2225881}
	EndGlobalSection
EndGlobal
